// !$*UTF8*$!
{
	archiveVersion = 1;
	classes = {
	};
	objectVersion = 46;
	objects = {

/* Begin PBXBuildFile section */
		C800BBD61C656DA00087E200 /* AppDelegate.swift in Sources */ = {isa = PBXBuildFile; fileRef = C800BBD51C656DA00087E200 /* AppDelegate.swift */; };
		C800BBD81C656DA00087E200 /* ViewController.swift in Sources */ = {isa = PBXBuildFile; fileRef = C800BBD71C656DA00087E200 /* ViewController.swift */; };
		C800BBDA1C656DA00087E200 /* Assets.xcassets in Resources */ = {isa = PBXBuildFile; fileRef = C800BBD91C656DA00087E200 /* Assets.xcassets */; };
		C800BBDD1C656DA00087E200 /* Main.storyboard in Resources */ = {isa = PBXBuildFile; fileRef = C800BBDB1C656DA00087E200 /* Main.storyboard */; };
/* End PBXBuildFile section */

/* Begin PBXFileReference section */
		C800BBD21C656DA00087E200 /* ballpit.app */ = {isa = PBXFileReference; explicitFileType = wrapper.application; includeInIndex = 0; path = ballpit.app; sourceTree = BUILT_PRODUCTS_DIR; };
		C800BBD51C656DA00087E200 /* AppDelegate.swift */ = {isa = PBXFileReference; lastKnownFileType = sourcecode.swift; path = AppDelegate.swift; sourceTree = "<group>"; };
		C800BBD71C656DA00087E200 /* ViewController.swift */ = {isa = PBXFileReference; lastKnownFileType = sourcecode.swift; path = ViewController.swift; sourceTree = "<group>"; };
		C800BBD91C656DA00087E200 /* Assets.xcassets */ = {isa = PBXFileReference; lastKnownFileType = folder.assetcatalog; path = Assets.xcassets; sourceTree = "<group>"; };
		C800BBDC1C656DA00087E200 /* Base */ = {isa = PBXFileReference; lastKnownFileType = file.storyboard; name = Base; path = Base.lproj/Main.storyboard; sourceTree = "<group>"; };
		C800BBDE1C656DA00087E200 /* Info.plist */ = {isa = PBXFileReference; lastKnownFileType = text.plist.xml; path = Info.plist; sourceTree = "<group>"; };
/* End PBXFileReference section */

/* Begin PBXFrameworksBuildPhase section */
		C800BBCF1C656DA00087E200 /* Frameworks */ = {
			isa = PBXFrameworksBuildPhase;
			buildActionMask = 2147483647;
			files = (
			);
			runOnlyForDeploymentPostprocessing = 0;
		};
/* End PBXFrameworksBuildPhase section */

/* Begin PBXGroup section */
		C800BBC91C656DA00087E200 = {
			isa = PBXGroup;
			children = (
				C800BBD41C656DA00087E200 /* ballpit */,
				C800BBD31C656DA00087E200 /* Products */,
			);
			sourceTree = "<group>";
		};
		C800BBD31C656DA00087E200 /* Products */ = {
			isa = PBXGroup;
			children = (
				C800BBD21C656DA00087E200 /* ballpit.app */,
			);
			name = Products;
			sourceTree = "<group>";
		};
		C800BBD41C656DA00087E200 /* ballpit */ = {
			isa = PBXGroup;
			children = (
				C800BBD51C656DA00087E200 /* AppDelegate.swift */,
				C800BBD71C656DA00087E200 /* ViewController.swift */,
				C800BBD91C656DA00087E200 /* Assets.xcassets */,
				C800BBDB1C656DA00087E200 /* Main.storyboard */,
				C800BBDE1C656DA00087E200 /* Info.plist */,
			);
			path = ballpit;
			sourceTree = "<group>";
		};
/* End PBXGroup section */

/* Begin PBXNativeTarget section */
		C800BBD11C656DA00087E200 /* ballpit */ = {
			isa = PBXNativeTarget;
			buildConfigurationList = C800BBE11C656DA00087E200 /* Build configuration list for PBXNativeTarget "ballpit" */;
			buildPhases = (
				C800BBCE1C656DA00087E200 /* Sources */,
				C800BBCF1C656DA00087E200 /* Frameworks */,
				C800BBD01C656DA00087E200 /* Resources */,
			);
			buildRules = (
			);
			dependencies = (
			);
			name = ballpit;
			productName = ballpit;
			productReference = C800BBD21C656DA00087E200 /* ballpit.app */;
			productType = "com.apple.product-type.application";
		};
/* End PBXNativeTarget section */

/* Begin PBXProject section */
		C800BBCA1C656DA00087E200 /* Project object */ = {
			isa = PBXProject;
			attributes = {
				LastSwiftUpdateCheck = 0720;
				LastUpgradeCheck = 0720;
				ORGANIZATIONNAME = "Morten Just Petersen";
				TargetAttributes = {
					C800BBD11C656DA00087E200 = {
						CreatedOnToolsVersion = 7.2.1;
					};
				};
			};
			buildConfigurationList = C800BBCD1C656DA00087E200 /* Build configuration list for PBXProject "ballpit" */;
			compatibilityVersion = "Xcode 3.2";
			developmentRegion = English;
			hasScannedForEncodings = 0;
			knownRegions = (
				en,
				Base,
			);
			mainGroup = C800BBC91C656DA00087E200;
			productRefGroup = C800BBD31C656DA00087E200 /* Products */;
			projectDirPath = "";
			projectRoot = "";
			targets = (
				C800BBD11C656DA00087E200 /* ballpit */,
			);
		};
/* End PBXProject section */

/* Begin PBXResourcesBuildPhase section */
		C800BBD01C656DA00087E200 /* Resources */ = {
			isa = PBXResourcesBuildPhase;
			buildActionMask = 2147483647;
			files = (
				C800BBDA1C656DA00087E200 /* Assets.xcassets in Resources */,
				C800BBDD1C656DA00087E200 /* Main.storyboard in Resources */,
			);
			runOnlyForDeploymentPostprocessing = 0;
		};
/* End PBXResourcesBuildPhase section */

/* Begin PBXSourcesBuildPhase section */
		C800BBCE1C656DA00087E200 /* Sources */ = {
			isa = PBXSourcesBuildPhase;
			buildActionMask = 2147483647;
			files = (
				C800BBD81C656DA00087E200 /* ViewController.swift in Sources */,
				C800BBD61C656DA00087E200 /* AppDelegate.swift in Sources */,
			);
			runOnlyForDeploymentPostprocessing = 0;
		};
/* End PBXSourcesBuildPhase section */

/* Begin PBXVariantGroup section */
		C800BBDB1C656DA00087E200 /* Main.storyboard */ = {
			isa = PBXVariantGroup;
			children = (
				C800BBDC1C656DA00087E200 /* Base */,
			);
			name = Main.storyboard;
			sourceTree = "<group>";
		};
/* End PBXVariantGroup section */

/* Begin XCBuildConfiguration section */
		C800BBDF1C656DA00087E200 /* Debug */ = {
			isa = XCBuildConfiguration;
			buildSettings = {
				ALWAYS_SEARCH_USER_PATHS = NO;
				CLANG_CXX_LANGUAGE_STANDARD = "gnu++0x";
				CLANG_CXX_LIBRARY = "libc++";
				CLANG_ENABLE_MODULES = YES;
				CLANG_ENABLE_OBJC_ARC = YES;
				CLANG_WARN_BOOL_CONVERSION = YES;
				CLANG_WARN_CONSTANT_CONVERSION = YES;
				CLANG_WARN_DIRECT_OBJC_ISA_USAGE = YES_ERROR;
				CLANG_WARN_EMPTY_BODY = YES;
				CLANG_WARN_ENUM_CONVERSION = YES;
				CLANG_WARN_INT_CONVERSION = YES;
				CLANG_WARN_OBJC_ROOT_CLASS = YES_ERROR;
				CLANG_WARN_UNREACHABLE_CODE = YES;
				CLANG_WARN__DUPLICATE_METHOD_MATCH = YES;
				CODE_SIGN_IDENTITY = "-";
				COPY_PHASE_STRIP = NO;
				DEBUG_INFORMATION_FORMAT = dwarf;
				ENABLE_STRICT_OBJC_MSGSEND = YES;
				ENABLE_TESTABILITY = YES;
				GCC_C_LANGUAGE_STANDARD = gnu99;
				GCC_DYNAMIC_NO_PIC = NO;
				GCC_NO_COMMON_BLOCKS = YES;
				GCC_OPTIMIZATION_LEVEL = 0;
				GCC_PREPROCESSOR_DEFINITIONS = (
					"DEBUG=1",
					"$(inherited)",
				);
				GCC_WARN_64_TO_32_BIT_CONVERSION = YES;
				GCC_WARN_ABOUT_RETURN_TYPE = YES_ERROR;
				GCC_WARN_UNDECLARED_SELECTOR = YES;
				GCC_WARN_UNINITIALIZED_AUTOS = YES_AGGRESSIVE;
				GCC_WARN_UNUSED_FUNCTION = YES;
				GCC_WARN_UNUSED_VARIABLE = YES;
				MACOSX_DEPLOYMENT_TARGET = 10.11;
				MTL_ENABLE_DEBUG_INFO = YES;
				ONLY_ACTIVE_ARCH = YES;
				SDKROOT = macosx;
				SWIFT_OPTIMIZATION_LEVEL = "-Onone";
			};
			name = Debug;
		};
		C800BBE01C656DA00087E200 /* Release */ = {
			isa = XCBuildConfiguration;
			buildSettings = {
				ALWAYS_SEARCH_USER_PATHS = NO;
				CLANG_CXX_LANGUAGE_STANDARD = "gnu++0x";
				CLANG_CXX_LIBRARY = "libc++";
				CLANG_ENABLE_MODULES = YES;
				CLANG_ENABLE_OBJC_ARC = YES;
				CLANG_WARN_BOOL_CONVERSION = YES;
				CLANG_WARN_CONSTANT_CONVERSION = YES;
				CLANG_WARN_DIRECT_OBJC_ISA_USAGE = YES_ERROR;
				CLANG_WARN_EMPTY_BODY = YES;
				CLANG_WARN_ENUM_CONVERSION = YES;
				CLANG_WARN_INT_CONVERSION = YES;
				CLANG_WARN_OBJC_ROOT_CLASS = YES_ERROR;
				CLANG_WARN_UNREACHABLE_CODE = YES;
				CLANG_WARN__DUPLICATE_METHOD_MATCH = YES;
				CODE_SIGN_IDENTITY = "-";
				COPY_PHASE_STRIP = NO;
				DEBUG_INFORMATION_FORMAT = "dwarf-with-dsym";
				ENABLE_NS_ASSERTIONS = NO;
				ENABLE_STRICT_OBJC_MSGSEND = YES;
				GCC_C_LANGUAGE_STANDARD = gnu99;
				GCC_NO_COMMON_BLOCKS = YES;
				GCC_WARN_64_TO_32_BIT_CONVERSION = YES;
				GCC_WARN_ABOUT_RETURN_TYPE = YES_ERROR;
				GCC_WARN_UNDECLARED_SELECTOR = YES;
				GCC_WARN_UNINITIALIZED_AUTOS = YES_AGGRESSIVE;
				GCC_WARN_UNUSED_FUNCTION = YES;
				GCC_WARN_UNUSED_VARIABLE = YES;
				MACOSX_DEPLOYMENT_TARGET = 10.11;
				MTL_ENABLE_DEBUG_INFO = NO;
				SDKROOT = macosx;
			};
			name = Release;
		};
		C800BBE21C656DA00087E200 /* Debug */ = {
			isa = XCBuildConfiguration;
			buildSettings = {
				ASSETCATALOG_COMPILER_APPICON_NAME = AppIcon;
				COMBINE_HIDPI_IMAGES = YES;
				INFOPLIST_FILE = ballpit/Info.plist;
				LD_RUNPATH_SEARCH_PATHS = "$(inherited) @executable_path/../Frameworks";
				PRODUCT_BUNDLE_IDENTIFIER = com.mortenjust.ballpit;
				PRODUCT_NAME = "$(TARGET_NAME)";
			};
			name = Debug;
		};
		C800BBE31C656DA00087E200 /* Release */ = {
			isa = XCBuildConfiguration;
			buildSettings = {
				ASSETCATALOG_COMPILER_APPICON_NAME = AppIcon;
				COMBINE_HIDPI_IMAGES = YES;
				INFOPLIST_FILE = ballpit/Info.plist;
				LD_RUNPATH_SEARCH_PATHS = "$(inherited) @executable_path/../Frameworks";
				PRODUCT_BUNDLE_IDENTIFIER = com.mortenjust.ballpit;
				PRODUCT_NAME = "$(TARGET_NAME)";
			};
			name = Release;
		};
/* End XCBuildConfiguration section */

/* Begin XCConfigurationList section */
		C800BBCD1C656DA00087E200 /* Build configuration list for PBXProject "ballpit" */ = {
			isa = XCConfigurationList;
			buildConfigurations = (
				C800BBDF1C656DA00087E200 /* Debug */,
				C800BBE01C656DA00087E200 /* Release */,
			);
			defaultConfigurationIsVisible = 0;
			defaultConfigurationName = Release;
		};
		C800BBE11C656DA00087E200 /* Build configuration list for PBXNativeTarget "ballpit" */ = {
			isa = XCConfigurationList;
			buildConfigurations = (
				C800BBE21C656DA00087E200 /* Debug */,
				C800BBE31C656DA00087E200 /* Release */,
			);
			defaultConfigurationIsVisible = 0;
		};
/* End XCConfigurationList section */
	};
	rootObject = C800BBCA1C656DA00087E200 /* Project object */;
}
